<?xml version="1.0" encoding="utf-8"?>
<Project ToolsVersion="4.0" xmlns="http://schemas.microsoft.com/developer/msbuild/2003">
  <ItemGroup>
    <Filter Include="_externo" />
    <Filter Include="Control_Del_Juego" />
    <Filter Include="Debug" />
    <Filter Include="Efectos" />
    <Filter Include="Entidades" />
    <Filter Include="Menus_Y_Paneles_En_Pantalla" />
    <Filter Include="Mundo" />
    <Filter Include="Objetos_Inventario_Y_Tienda" />
  </ItemGroup>
  <ItemGroup>
    <ClCompile Include="Control_Del_Juego\GameManager.cpp">
      <Filter>Control_Del_Juego</Filter>
    </ClCompile>
    <ClCompile Include="Control_Del_Juego\InputManager.cpp">
      <Filter>Control_Del_Juego</Filter>
    </ClCompile>
    <ClCompile Include="Control_Del_Juego\main.cpp">
      <Filter>Control_Del_Juego</Filter>
    </ClCompile>
    <ClCompile Include="Control_Del_Juego\MaquinaDeEstados.cpp">
      <Filter>Control_Del_Juego</Filter>
    </ClCompile>
    <ClCompile Include="Efectos\BolaDeFuego.cpp">
      <Filter>Efectos</Filter>
    </ClCompile>
    <ClCompile Include="Efectos\DebugManager.cpp">
      <Filter>Efectos</Filter>
    </ClCompile>
    <ClCompile Include="Efectos\VisualFX.cpp">
      <Filter>Efectos</Filter>
    </ClCompile>
    <ClCompile Include="Entidades\Enemigo.cpp">
      <Filter>Entidades</Filter>
    </ClCompile>
    <ClCompile Include="Entidades\EntidadViva.cpp">
      <Filter>Entidades</Filter>
    </ClCompile>
    <ClCompile Include="Entidades\Golem.cpp">
      <Filter>Entidades</Filter>
    </ClCompile>
    <ClCompile Include="Entidades\Mascota.cpp">
      <Filter>Entidades</Filter>
    </ClCompile>
    <ClCompile Include="Entidades\PathFinder.cpp">
      <Filter>Entidades</Filter>
    </ClCompile>
    <ClCompile Include="Entidades\Personaje.cpp">
      <Filter>Entidades</Filter>
    </ClCompile>
    <ClCompile Include="Menus_Y_Paneles_En_Pantalla\Cursor_Visual.cpp">
      <Filter>Menus_Y_Paneles_En_Pantalla</Filter>
    </ClCompile>
    <ClCompile Include="Menus_Y_Paneles_En_Pantalla\menu.cpp">
      <Filter>Menus_Y_Paneles_En_Pantalla</Filter>
    </ClCompile>
    <ClCompile Include="Menus_Y_Paneles_En_Pantalla\UI_Inventario.cpp">
      <Filter>Menus_Y_Paneles_En_Pantalla</Filter>
    </ClCompile>
    <ClCompile Include="Mundo\Camara.cpp">
      <Filter>Mundo</Filter>
    </ClCompile>
    <ClCompile Include="Mundo\map.cpp">
      <Filter>Mundo</Filter>
    </ClCompile>
    <ClCompile Include="Mundo\Niebla.cpp">
      <Filter>Mundo</Filter>
    </ClCompile>
    <ClCompile Include="Objetos_Inventario_Y_Tienda\AdministradorDeObjetos.cpp">
      <Filter>Objetos_Inventario_Y_Tienda</Filter>
    </ClCompile>
    <ClCompile Include="Objetos_Inventario_Y_Tienda\Inventario.cpp">
      <Filter>Objetos_Inventario_Y_Tienda</Filter>
    </ClCompile>
    <ClCompile Include="Objetos_Inventario_Y_Tienda\Item.cpp">
      <Filter>Objetos_Inventario_Y_Tienda</Filter>
    </ClCompile>
    <ClCompile Include="Objetos_Inventario_Y_Tienda\Tienda.cpp">
      <Filter>Objetos_Inventario_Y_Tienda</Filter>
    </ClCompile>
  </ItemGroup>
  <ItemGroup>
    <ClInclude Include="Control_Del_Juego\GameManager.h">
      <Filter>Control_Del_Juego</Filter>
    </ClInclude>
    <ClInclude Include="Control_Del_Juego\InputManager.h">
      <Filter>Control_Del_Juego</Filter>
    </ClInclude>
    <ClInclude Include="Control_Del_Juego\MaquinaDeEstados.h">
      <Filter>Control_Del_Juego</Filter>
    </ClInclude>
    <ClInclude Include="Efectos\BolaDeFuego.h">
      <Filter>Efectos</Filter>
    </ClInclude>
    <ClInclude Include="Efectos\DebugManager.h">
      <Filter>Efectos</Filter>
    </ClInclude>
    <ClInclude Include="Efectos\VisualFX.h">
      <Filter>Efectos</Filter>
    </ClInclude>
    <ClInclude Include="Entidades\Enemigo.h">
      <Filter>Entidades</Filter>
    </ClInclude>
    <ClInclude Include="Entidades\EntidadViva.h">
      <Filter>Entidades</Filter>
    </ClInclude>
    <ClInclude Include="Entidades\Golem.h">
      <Filter>Entidades</Filter>
    </ClInclude>
    <ClInclude Include="Entidades\Mascota.h">
      <Filter>Entidades</Filter>
    </ClInclude>
    <ClInclude Include="Entidades\PathFinder.h">
      <Filter>Entidades</Filter>
    </ClInclude>
    <ClInclude Include="Entidades\Personaje.h">
      <Filter>Entidades</Filter>
    </ClInclude>
    <ClInclude Include="Menus_Y_Paneles_En_Pantalla\Cursor_Visual.h">
      <Filter>Menus_Y_Paneles_En_Pantalla</Filter>
    </ClInclude>
    <ClInclude Include="Menus_Y_Paneles_En_Pantalla\menu.h">
      <Filter>Menus_Y_Paneles_En_Pantalla</Filter>
    </ClInclude>
    <ClInclude Include="Menus_Y_Paneles_En_Pantalla\UI_Inventario.h">
      <Filter>Menus_Y_Paneles_En_Pantalla</Filter>
    </ClInclude>
    <ClInclude Include="Mundo\Camara.h">
      <Filter>Mundo</Filter>
    </ClInclude>
    <ClInclude Include="Mundo\map.h">
      <Filter>Mundo</Filter>
    </ClInclude>
    <ClInclude Include="Mundo\Niebla.h">
      <Filter>Mundo</Filter>
    </ClInclude>
    <ClInclude Include="Objetos_Inventario_Y_Tienda\AdministradorDeObjetos.h">
      <Filter>Objetos_Inventario_Y_Tienda</Filter>
    </ClInclude>
    <ClInclude Include="Objetos_Inventario_Y_Tienda\Inventario.h">
      <Filter>Objetos_Inventario_Y_Tienda</Filter>
    </ClInclude>
    <ClInclude Include="Objetos_Inventario_Y_Tienda\Item.h">
      <Filter>Objetos_Inventario_Y_Tienda</Filter>
    </ClInclude>
    <ClInclude Include="Objetos_Inventario_Y_Tienda\Tienda.h">
      <Filter>Objetos_Inventario_Y_Tienda</Filter>
    </ClInclude>
  </ItemGroup>
  <ItemGroup>
    <ResourceCompile Include="Daetherial.rc">
      <Filter>_externo</Filter>
    </ResourceCompile>
  </ItemGroup>
</Project>
