<?xml version="1.0" encoding="utf-8"?>
<Project ToolsVersion="4.0" xmlns="http://schemas.microsoft.com/developer/msbuild/2003">
  <ItemGroup>
    <ClCompile Include="main.cpp" />
    <ClCompile Include="map.cpp" />
    <ClCompile Include="Mascota.cpp" />
    <ClCompile Include="menu.cpp" />
    <ClCompile Include="Personaje.cpp" />
    <ClCompile Include="habilidades.cpp" />
    <ClCompile Include="BolaDeFuego.cpp" />
    <ClCompile Include="habilidad_2.cpp" />
    <ClCompile Include="habilidad_3.cpp" />
    <ClCompile Include="habilidad_4.cpp" />
    <ClCompile Include="habilidad_5.cpp" />
    <ClCompile Include="GameManager.cpp" />
    <ClCompile Include="Camara.cpp" />
    <ClCompile Include="Niebla.cpp" />
    <ClCompile Include="Boss.cpp" />
    <ClCompile Include="Colisionable.cpp" />
    <ClCompile Include="Item.cpp" />
    <ClCompile Include="Inventario.cpp" />
    <ClCompile Include="ObjectsManager.cpp" />
    <ClCompile Include="ItemManager.cpp" />
    <ClCompile Include="DebugManager.cpp" />
    <ClCompile Include="UI_Inventario.cpp" />
    <ClCompile Include="InputManager.cpp" />
    <ClCompile Include="EntidadViva.cpp" />
    <ClCompile Include="PathFinder.cpp" />
    <ClCompile Include="UI_CreadorItems.cpp" />
    <ClCompile Include="Cursor_Visual.cpp" />
    <ClCompile Include="Tienda.cpp" />
    <ClCompile Include="Estado.cpp" />
    <ClCompile Include="Enemy.cpp" />
    <ClCompile Include="VisualFX.cpp" />
  </ItemGroup>
  <ItemGroup>
    <ClInclude Include="map.h" />
    <ClInclude Include="Mascota.h" />
    <ClInclude Include="menu.h" />
    <ClInclude Include="Personaje.h" />
    <ClInclude Include="habilidades.h" />
    <ClInclude Include="BolaDeFuego.h" />
    <ClInclude Include="habilidad_2.h" />
    <ClInclude Include="habilidad_3.h" />
    <ClInclude Include="habilidad_4.h" />
    <ClInclude Include="habilidad_5.h" />
    <ClInclude Include="GameManager.h" />
    <ClInclude Include="Camara.h" />
    <ClInclude Include="Niebla.h" />
    <ClInclude Include="Boss.h" />
    <ClInclude Include="Colisionable.h" />
    <ClInclude Include="Item.h" />
    <ClInclude Include="Inventario.h" />
    <ClInclude Include="ObjectsManager.h" />
    <ClInclude Include="ItemManager.h" />
    <ClInclude Include="DebugManager.h" />
    <ClInclude Include="UI_Inventario.h" />
    <ClInclude Include="InputManager.h" />
    <ClInclude Include="EntidadViva.h" />
    <ClInclude Include="PathFinder.h" />
    <ClInclude Include="UI_CreadorItems.h" />
    <ClInclude Include="Cursor_Visual.h" />
    <ClInclude Include="Tienda.h" />
    <ClInclude Include="resource.h" />
    <ClInclude Include="Estado.h" />
    <ClInclude Include="Enemy.h" />
    <ClInclude Include="VisualFX.h" />
  </ItemGroup>
  <ItemGroup>
    <Image Include="assets\cat_abajo.png" />
    <Image Include="assets\cat_arriba.png" />
    <Image Include="assets\cat_derecha.png" />
    <Image Include="assets\cat_izquierda.png" />
    <Image Include="assets\Dungeon_Tileset.png" />
    <Image Include="assets\fog.png" />
    <Image Include="assets\icegolem.png" />
    <Image Include="assets\mapa_v1_background.png" />
    <Image Include="assets\potion_red.png" />
    <Image Include="assets\Walk_Down-Sheet.png" />
    <Image Include="assets\Walk_Side-Sheet.png" />
    <Image Include="assets\Walk_Up-Sheet.png" />
    <Image Include="assets\habilidades\Fire_Spell_Frame_01.png" />
    <Image Include="assets\daetherial.png" />
    <Image Include="assets\Daetherial.ico" />
  </ItemGroup>
  <ItemGroup>
    <None Include=".gitattributes" />
    <None Include=".gitignore" />
    <None Include="assets\collisions_mapa_v1_background.csv" />
    <None Include="assets\mapa_v1.csv" />
    <None Include="assets\mapa_v1.tmx" />
    <None Include="assets\mapa_v1_background.csv" />
    <None Include="assets\menu.ogg" />
    <None Include="Daetherial.slnx" />
    <None Include=".editorconfig" />
  </ItemGroup>
  <ItemGroup>
    <Media Include="assets\ambient.wav" />
  </ItemGroup>
  <ItemGroup>
    <ResourceCompile Include="Daetherial.rc" />
  </ItemGroup>
</Project>